
Microsoft Visual Studio Solution File, Format Version 12.00
# Visual Studio Version 17
VisualStudioVersion = 17.14.36511.14
MinimumVisualStudioVersion = 10.0.40219.1
Project("{2150E333-8FDC-42A3-9474-1A3956D46DE8}") = "Api", "Api", "{02EA681E-C7D8-13C7-8484-4AC65E1B71E8}"
EndProject
Project("{2150E333-8FDC-42A3-9474-1A3956D46DE8}") = "src", "src", "{06022925-21E7-404F-A74E-7CECC1DB9293}"
EndProject
Project("{2150E333-8FDC-42A3-9474-1A3956D46DE8}") = "Adapters", "Adapters", "{65F5A2A3-FFF7-4F19-AFF0-18D85793D0AB}"
EndProject
Project("{2150E333-8FDC-42A3-9474-1A3956D46DE8}") = "Domain", "Domain", "{931BF4C2-51E8-43FB-9F6E-480D9718DABE}"
EndProject
Project("{FAE04EC0-301F-11D3-BF4B-00C04F79EFBC}") = "WebApi", "WebApi\WebApi.csproj", "{2E4291DA-EF9E-4EF7-89BC-29BA3C62648F}"
EndProject
Project("{FAE04EC0-301F-11D3-BF4B-00C04F79EFBC}") = "DemoCRM.Application", "CRM.Application\DemoCRM.Application.csproj", "{F3E66A76-8CA0-472E-A815-25CDC19EF8D8}"
EndProject
Project("{FAE04EC0-301F-11D3-BF4B-00C04F79EFBC}") = "DemoCRM.Core", "CRM.Core\DemoCRM.Core.csproj", "{A3C2583D-5971-4F5F-AC43-A13649BDB3ED}"
EndProject
Project("{FAE04EC0-301F-11D3-BF4B-00C04F79EFBC}") = "DemoCRM.Persistance", "DemoCRM.Persistance\DemoCRM.Persistance.csproj", "{56580538-3469-4A64-AC46-198F8D3133F1}"
EndProject
Global
	GlobalSection(SolutionConfigurationPlatforms) = preSolution
		Debug|Any CPU = Debug|Any CPU
		Release|Any CPU = Release|Any CPU
	EndGlobalSection
	GlobalSection(ProjectConfigurationPlatforms) = postSolution
		{2E4291DA-EF9E-4EF7-89BC-29BA3C62648F}.Debug|Any CPU.ActiveCfg = Debug|Any CPU
		{2E4291DA-EF9E-4EF7-89BC-29BA3C62648F}.Debug|Any CPU.Build.0 = Debug|Any CPU
		{2E4291DA-EF9E-4EF7-89BC-29BA3C62648F}.Release|Any CPU.ActiveCfg = Release|Any CPU
		{2E4291DA-EF9E-4EF7-89BC-29BA3C62648F}.Release|Any CPU.Build.0 = Release|Any CPU
		{F3E66A76-8CA0-472E-A815-25CDC19EF8D8}.Debug|Any CPU.ActiveCfg = Debug|Any CPU
		{F3E66A76-8CA0-472E-A815-25CDC19EF8D8}.Debug|Any CPU.Build.0 = Debug|Any CPU
		{F3E66A76-8CA0-472E-A815-25CDC19EF8D8}.Release|Any CPU.ActiveCfg = Release|Any CPU
		{F3E66A76-8CA0-472E-A815-25CDC19EF8D8}.Release|Any CPU.Build.0 = Release|Any CPU
		{A3C2583D-5971-4F5F-AC43-A13649BDB3ED}.Debug|Any CPU.ActiveCfg = Debug|Any CPU
		{A3C2583D-5971-4F5F-AC43-A13649BDB3ED}.Debug|Any CPU.Build.0 = Debug|Any CPU
		{A3C2583D-5971-4F5F-AC43-A13649BDB3ED}.Release|Any CPU.ActiveCfg = Release|Any CPU
		{A3C2583D-5971-4F5F-AC43-A13649BDB3ED}.Release|Any CPU.Build.0 = Release|Any CPU
		{56580538-3469-4A64-AC46-198F8D3133F1}.Debug|Any CPU.ActiveCfg = Debug|Any CPU
		{56580538-3469-4A64-AC46-198F8D3133F1}.Debug|Any CPU.Build.0 = Debug|Any CPU
		{56580538-3469-4A64-AC46-198F8D3133F1}.Release|Any CPU.ActiveCfg = Release|Any CPU
		{56580538-3469-4A64-AC46-198F8D3133F1}.Release|Any CPU.Build.0 = Release|Any CPU
	EndGlobalSection
	GlobalSection(SolutionProperties) = preSolution
		HideSolutionNode = FALSE
	EndGlobalSection
	GlobalSection(NestedProjects) = preSolution
		{02EA681E-C7D8-13C7-8484-4AC65E1B71E8} = {06022925-21E7-404F-A74E-7CECC1DB9293}
		{65F5A2A3-FFF7-4F19-AFF0-18D85793D0AB} = {06022925-21E7-404F-A74E-7CECC1DB9293}
		{931BF4C2-51E8-43FB-9F6E-480D9718DABE} = {06022925-21E7-404F-A74E-7CECC1DB9293}
		{2E4291DA-EF9E-4EF7-89BC-29BA3C62648F} = {02EA681E-C7D8-13C7-8484-4AC65E1B71E8}
		{F3E66A76-8CA0-472E-A815-25CDC19EF8D8} = {931BF4C2-51E8-43FB-9F6E-480D9718DABE}
		{A3C2583D-5971-4F5F-AC43-A13649BDB3ED} = {931BF4C2-51E8-43FB-9F6E-480D9718DABE}
		{56580538-3469-4A64-AC46-198F8D3133F1} = {65F5A2A3-FFF7-4F19-AFF0-18D85793D0AB}
	EndGlobalSection
	GlobalSection(ExtensibilityGlobals) = postSolution
		SolutionGuid = {18065E8D-AE7B-45C0-9209-500E9AC382DA}
	EndGlobalSection
EndGlobal
